
Microsoft Visual Studio Solution File, Format Version 12.00
Project("{FAE04EC0-301F-11D3-BF4B-00C04F79EFBC}") = "ConsoleApp3", "ConsoleApp3\ConsoleApp3.csproj", "{9F28108A-ED63-41C8-A1DE-EC98AAFF4F26}"
EndProject
Project("{FAE04EC0-301F-11D3-BF4B-00C04F79EFBC}") = "TestProject1", "TestProject1\TestProject1.csproj", "{D86722EF-6770-410E-AB2F-F82903B73CA9}"
EndProject
Global
	GlobalSection(SolutionConfigurationPlatforms) = preSolution
		Debug|Any CPU = Debug|Any CPU
		Release|Any CPU = Release|Any CPU
	EndGlobalSection
	GlobalSection(ProjectConfigurationPlatforms) = postSolution
		{9F28108A-ED63-41C8-A1DE-EC98AAFF4F26}.Debug|Any CPU.ActiveCfg = Debug|Any CPU
		{9F28108A-ED63-41C8-A1DE-EC98AAFF4F26}.Debug|Any CPU.Build.0 = Debug|Any CPU
		{9F28108A-ED63-41C8-A1DE-EC98AAFF4F26}.Release|Any CPU.ActiveCfg = Release|Any CPU
		{9F28108A-ED63-41C8-A1DE-EC98AAFF4F26}.Release|Any CPU.Build.0 = Release|Any CPU
		{D86722EF-6770-410E-AB2F-F82903B73CA9}.Debug|Any CPU.ActiveCfg = Debug|Any CPU
		{D86722EF-6770-410E-AB2F-F82903B73CA9}.Debug|Any CPU.Build.0 = Debug|Any CPU
		{D86722EF-6770-410E-AB2F-F82903B73CA9}.Release|Any CPU.ActiveCfg = Release|Any CPU
		{D86722EF-6770-410E-AB2F-F82903B73CA9}.Release|Any CPU.Build.0 = Release|Any CPU
	EndGlobalSection
EndGlobal
